
Microsoft Visual Studio Solution File, Format Version 12.00
# Visual Studio 15
Project("{FAE04EC0-301F-11D3-BF4B-00C04F79EFBC}") = "JWK", "JWK\JWK.csproj", "{1B9F4D7B-10CF-4931-9EDB-F05926C4726F}"
EndProject
Global
	GlobalSection(SolutionConfigurationPlatforms) = preSolution
		Debug|Any CPU = Debug|Any CPU
		Release|Any CPU = Release|Any CPU
	EndGlobalSection
	GlobalSection(ProjectConfigurationPlatforms) = postSolution
		{1B9F4D7B-10CF-4931-9EDB-F05926C4726F}.Debug|Any CPU.ActiveCfg = Debug|Any CPU
		{1B9F4D7B-10CF-4931-9EDB-F05926C4726F}.Debug|Any CPU.Build.0 = Debug|Any CPU
		{1B9F4D7B-10CF-4931-9EDB-F05926C4726F}.Release|Any CPU.ActiveCfg = Release|Any CPU
		{1B9F4D7B-10CF-4931-9EDB-F05926C4726F}.Release|Any CPU.Build.0 = Release|Any CPU
	EndGlobalSection
EndGlobal
